
Microsoft Visual Studio Solution File, Format Version 11.00
# Visual C# Express 2010
Project("{FAE04EC0-301F-11D3-BF4B-00C04F79EFBC}") = "XNAFourChambers", "XNAFourChambers\XNAFourChambers\XNAFourChambers.csproj", "{0EB25D5E-4660-4B61-B40E-E706DF62C6FE}"
EndProject
Project("{FAE04EC0-301F-11D3-BF4B-00C04F79EFBC}") = "XNAFourChambersContent", "XNAFourChambers\XNAFourChambersContent\XNAFourChambersContent.contentproj", "{168706FB-BDFD-4790-A241-5052D68A03D6}"
EndProject
Project("{FAE04EC0-301F-11D3-BF4B-00C04F79EFBC}") = "XFlixel", "..\XNAFlixel\XFlixel\XFlixel.csproj", "{50463AEB-DA30-46D5-B01B-93F9C42F5765}"
EndProject
Project("{FAE04EC0-301F-11D3-BF4B-00C04F79EFBC}") = "XFlixelContent", "..\XNAFlixel\XFlixelContent\XFlixelContent.contentproj", "{327F8527-448C-470E-9016-949859914C92}"
EndProject
Global
	GlobalSection(SolutionConfigurationPlatforms) = preSolution
		Debug|x86 = Debug|x86
		DEMO|x86 = DEMO|x86
		FULL|x86 = FULL|x86
		MAKEGIF|x86 = MAKEGIF|x86
		PIRATE|x86 = PIRATE|x86
		PRESS|x86 = PRESS|x86
		Release|x86 = Release|x86
	EndGlobalSection
	GlobalSection(ProjectConfigurationPlatforms) = postSolution
		{0EB25D5E-4660-4B61-B40E-E706DF62C6FE}.Debug|x86.ActiveCfg = Debug|x86
		{0EB25D5E-4660-4B61-B40E-E706DF62C6FE}.Debug|x86.Build.0 = Debug|x86
		{0EB25D5E-4660-4B61-B40E-E706DF62C6FE}.DEMO|x86.ActiveCfg = DEMO|x86
		{0EB25D5E-4660-4B61-B40E-E706DF62C6FE}.DEMO|x86.Build.0 = DEMO|x86
		{0EB25D5E-4660-4B61-B40E-E706DF62C6FE}.FULL|x86.ActiveCfg = FULL|x86
		{0EB25D5E-4660-4B61-B40E-E706DF62C6FE}.FULL|x86.Build.0 = FULL|x86
		{0EB25D5E-4660-4B61-B40E-E706DF62C6FE}.MAKEGIF|x86.ActiveCfg = MAKEGIF|x86
		{0EB25D5E-4660-4B61-B40E-E706DF62C6FE}.MAKEGIF|x86.Build.0 = MAKEGIF|x86
		{0EB25D5E-4660-4B61-B40E-E706DF62C6FE}.PIRATE|x86.ActiveCfg = PIRATE|x86
		{0EB25D5E-4660-4B61-B40E-E706DF62C6FE}.PIRATE|x86.Build.0 = PIRATE|x86
		{0EB25D5E-4660-4B61-B40E-E706DF62C6FE}.PRESS|x86.ActiveCfg = PRESS|x86
		{0EB25D5E-4660-4B61-B40E-E706DF62C6FE}.PRESS|x86.Build.0 = PRESS|x86
		{0EB25D5E-4660-4B61-B40E-E706DF62C6FE}.Release|x86.ActiveCfg = Release|x86
		{0EB25D5E-4660-4B61-B40E-E706DF62C6FE}.Release|x86.Build.0 = Release|x86
		{168706FB-BDFD-4790-A241-5052D68A03D6}.Debug|x86.ActiveCfg = Debug|x86
		{168706FB-BDFD-4790-A241-5052D68A03D6}.DEMO|x86.ActiveCfg = Debug|x86
		{168706FB-BDFD-4790-A241-5052D68A03D6}.FULL|x86.ActiveCfg = Release|x86
		{168706FB-BDFD-4790-A241-5052D68A03D6}.MAKEGIF|x86.ActiveCfg = Release|x86
		{168706FB-BDFD-4790-A241-5052D68A03D6}.PIRATE|x86.ActiveCfg = Release|x86
		{168706FB-BDFD-4790-A241-5052D68A03D6}.PRESS|x86.ActiveCfg = Release|x86
		{168706FB-BDFD-4790-A241-5052D68A03D6}.Release|x86.ActiveCfg = Release|x86
		{50463AEB-DA30-46D5-B01B-93F9C42F5765}.Debug|x86.ActiveCfg = Debug|x86
		{50463AEB-DA30-46D5-B01B-93F9C42F5765}.Debug|x86.Build.0 = Debug|x86
		{50463AEB-DA30-46D5-B01B-93F9C42F5765}.DEMO|x86.ActiveCfg = DEMO|x86
		{50463AEB-DA30-46D5-B01B-93F9C42F5765}.DEMO|x86.Build.0 = DEMO|x86
		{50463AEB-DA30-46D5-B01B-93F9C42F5765}.FULL|x86.ActiveCfg = FULL|x86
		{50463AEB-DA30-46D5-B01B-93F9C42F5765}.FULL|x86.Build.0 = FULL|x86
		{50463AEB-DA30-46D5-B01B-93F9C42F5765}.MAKEGIF|x86.ActiveCfg = MAKEGIF|x86
		{50463AEB-DA30-46D5-B01B-93F9C42F5765}.MAKEGIF|x86.Build.0 = MAKEGIF|x86
		{50463AEB-DA30-46D5-B01B-93F9C42F5765}.PIRATE|x86.ActiveCfg = PIRATE|x86
		{50463AEB-DA30-46D5-B01B-93F9C42F5765}.PIRATE|x86.Build.0 = PIRATE|x86
		{50463AEB-DA30-46D5-B01B-93F9C42F5765}.PRESS|x86.ActiveCfg = PRESS|x86
		{50463AEB-DA30-46D5-B01B-93F9C42F5765}.PRESS|x86.Build.0 = PRESS|x86
		{50463AEB-DA30-46D5-B01B-93F9C42F5765}.Release|x86.ActiveCfg = Release|x86
		{50463AEB-DA30-46D5-B01B-93F9C42F5765}.Release|x86.Build.0 = Release|x86
		{327F8527-448C-470E-9016-949859914C92}.Debug|x86.ActiveCfg = Debug|x86
		{327F8527-448C-470E-9016-949859914C92}.DEMO|x86.ActiveCfg = Debug|x86
		{327F8527-448C-470E-9016-949859914C92}.FULL|x86.ActiveCfg = Release|x86
		{327F8527-448C-470E-9016-949859914C92}.MAKEGIF|x86.ActiveCfg = Release|x86
		{327F8527-448C-470E-9016-949859914C92}.PIRATE|x86.ActiveCfg = Release|x86
		{327F8527-448C-470E-9016-949859914C92}.PRESS|x86.ActiveCfg = Release|x86
		{327F8527-448C-470E-9016-949859914C92}.Release|x86.ActiveCfg = Release|x86
	EndGlobalSection
	GlobalSection(SolutionProperties) = preSolution
		HideSolutionNode = FALSE
	EndGlobalSection
EndGlobal
